
Microsoft Visual Studio Solution File, Format Version 12.00
# Visual Studio Version 17
VisualStudioVersion = 17.9.34902.65
MinimumVisualStudioVersion = 10.0.40219.1
Project("{FAE04EC0-301F-11D3-BF4B-00C04F79EFBC}") = "CONTACT_FORM", "CONTACT_FORM\CONTACT_FORM.csproj", "{12CDA5E2-24FB-459F-80AE-B4E4ED6CEF65}"
EndProject
Global
	GlobalSection(SolutionConfigurationPlatforms) = preSolution
		Debug|Any CPU = Debug|Any CPU
		Release|Any CPU = Release|Any CPU
	EndGlobalSection
	GlobalSection(ProjectConfigurationPlatforms) = postSolution
		{12CDA5E2-24FB-459F-80AE-B4E4ED6CEF65}.Debug|Any CPU.ActiveCfg = Debug|Any CPU
		{12CDA5E2-24FB-459F-80AE-B4E4ED6CEF65}.Debug|Any CPU.Build.0 = Debug|Any CPU
		{12CDA5E2-24FB-459F-80AE-B4E4ED6CEF65}.Release|Any CPU.ActiveCfg = Release|Any CPU
		{12CDA5E2-24FB-459F-80AE-B4E4ED6CEF65}.Release|Any CPU.Build.0 = Release|Any CPU
	EndGlobalSection
	GlobalSection(SolutionProperties) = preSolution
		HideSolutionNode = FALSE
	EndGlobalSection
	GlobalSection(ExtensibilityGlobals) = postSolution
		SolutionGuid = {4E396CF9-52E2-4701-B523-BADA0F5A2B30}
	EndGlobalSection
EndGlobal
